
Microsoft Visual Studio Solution File, Format Version 12.00
# Visual Studio Version 16
VisualStudioVersion = 16.0.31911.196
MinimumVisualStudioVersion = 10.0.40219.1
Project("{FAE04EC0-301F-11D3-BF4B-00C04F79EFBC}") = "TcpPortScanner", "TcpPortScanner\TcpPortScanner.csproj", "{2C973515-B883-4B37-A0EA-DA8C512FA1DA}"
EndProject
Global
	GlobalSection(SolutionConfigurationPlatforms) = preSolution
		Debug|Any CPU = Debug|Any CPU
		Release|Any CPU = Release|Any CPU
	EndGlobalSection
	GlobalSection(ProjectConfigurationPlatforms) = postSolution
		{2C973515-B883-4B37-A0EA-DA8C512FA1DA}.Debug|Any CPU.ActiveCfg = Debug|Any CPU
		{2C973515-B883-4B37-A0EA-DA8C512FA1DA}.Debug|Any CPU.Build.0 = Debug|Any CPU
		{2C973515-B883-4B37-A0EA-DA8C512FA1DA}.Release|Any CPU.ActiveCfg = Release|Any CPU
		{2C973515-B883-4B37-A0EA-DA8C512FA1DA}.Release|Any CPU.Build.0 = Release|Any CPU
	EndGlobalSection
	GlobalSection(SolutionProperties) = preSolution
		HideSolutionNode = FALSE
	EndGlobalSection
	GlobalSection(ExtensibilityGlobals) = postSolution
		SolutionGuid = {A4552A3B-783D-4DFB-9608-97C5FB2ECE77}
	EndGlobalSection
EndGlobal
